
Microsoft Visual Studio Solution File, Format Version 12.00
# Visual Studio Version 17
VisualStudioVersion = 17.9.34714.143
MinimumVisualStudioVersion = 10.0.40219.1
Project("{FAE04EC0-301F-11D3-BF4B-00C04F79EFBC}") = "Review", "Review\Review.csproj", "{697D4CF2-7FDA-4981-80FC-1F6905C5FA2A}"
EndProject
Project("{FAE04EC0-301F-11D3-BF4B-00C04F79EFBC}") = "ShippingCosts", "ShippingCosts\ShippingCosts.csproj", "{95084461-1B5B-458D-BCA4-48709613C6F0}"
EndProject
Project("{FAE04EC0-301F-11D3-BF4B-00C04F79EFBC}") = "ReverseArray", "ReverseArray\ReverseArray.csproj", "{7E1D7F22-93E6-46AE-A83E-6BAA44ADE9E2}"
EndProject
Project("{FAE04EC0-301F-11D3-BF4B-00C04F79EFBC}") = "SalesTransactionsLINQ", "SalesTransactionsLINQ\SalesTransactionsLINQ.csproj", "{D37433BB-4C2B-4E61-9D9C-9337EBF8BB20}"
EndProject
Global
	GlobalSection(SolutionConfigurationPlatforms) = preSolution
		Debug|Any CPU = Debug|Any CPU
		Release|Any CPU = Release|Any CPU
	EndGlobalSection
	GlobalSection(ProjectConfigurationPlatforms) = postSolution
		{697D4CF2-7FDA-4981-80FC-1F6905C5FA2A}.Debug|Any CPU.ActiveCfg = Debug|Any CPU
		{697D4CF2-7FDA-4981-80FC-1F6905C5FA2A}.Debug|Any CPU.Build.0 = Debug|Any CPU
		{697D4CF2-7FDA-4981-80FC-1F6905C5FA2A}.Release|Any CPU.ActiveCfg = Release|Any CPU
		{697D4CF2-7FDA-4981-80FC-1F6905C5FA2A}.Release|Any CPU.Build.0 = Release|Any CPU
		{95084461-1B5B-458D-BCA4-48709613C6F0}.Debug|Any CPU.ActiveCfg = Debug|Any CPU
		{95084461-1B5B-458D-BCA4-48709613C6F0}.Debug|Any CPU.Build.0 = Debug|Any CPU
		{95084461-1B5B-458D-BCA4-48709613C6F0}.Release|Any CPU.ActiveCfg = Release|Any CPU
		{95084461-1B5B-458D-BCA4-48709613C6F0}.Release|Any CPU.Build.0 = Release|Any CPU
		{7E1D7F22-93E6-46AE-A83E-6BAA44ADE9E2}.Debug|Any CPU.ActiveCfg = Debug|Any CPU
		{7E1D7F22-93E6-46AE-A83E-6BAA44ADE9E2}.Debug|Any CPU.Build.0 = Debug|Any CPU
		{7E1D7F22-93E6-46AE-A83E-6BAA44ADE9E2}.Release|Any CPU.ActiveCfg = Release|Any CPU
		{7E1D7F22-93E6-46AE-A83E-6BAA44ADE9E2}.Release|Any CPU.Build.0 = Release|Any CPU
		{D37433BB-4C2B-4E61-9D9C-9337EBF8BB20}.Debug|Any CPU.ActiveCfg = Debug|Any CPU
		{D37433BB-4C2B-4E61-9D9C-9337EBF8BB20}.Debug|Any CPU.Build.0 = Debug|Any CPU
		{D37433BB-4C2B-4E61-9D9C-9337EBF8BB20}.Release|Any CPU.ActiveCfg = Release|Any CPU
		{D37433BB-4C2B-4E61-9D9C-9337EBF8BB20}.Release|Any CPU.Build.0 = Release|Any CPU
	EndGlobalSection
	GlobalSection(SolutionProperties) = preSolution
		HideSolutionNode = FALSE
	EndGlobalSection
	GlobalSection(ExtensibilityGlobals) = postSolution
		SolutionGuid = {03BC2832-D13F-419E-97D2-DC1C14FD335C}
	EndGlobalSection
EndGlobal
